
Microsoft Visual Studio Solution File, Format Version 12.00
# Visual Studio 15
VisualStudioVersion = 15.0.27004.2002
MinimumVisualStudioVersion = 10.0.40219.1
Project("{FAE04EC0-301F-11D3-BF4B-00C04F79EFBC}") = "ElevatorModel", "ElevatorModel\ElevatorModel.csproj", "{31B26EA7-1FB9-40CB-B84E-6431542B96C5}"
EndProject
Project("{FAE04EC0-301F-11D3-BF4B-00C04F79EFBC}") = "ElevatorModelTest", "ElevatorModelTest\ElevatorModelTest.csproj", "{9242815B-92A2-4228-8884-FF791965B171}"
EndProject
Global
	GlobalSection(SolutionConfigurationPlatforms) = preSolution
		Debug|Any CPU = Debug|Any CPU
		Release|Any CPU = Release|Any CPU
	EndGlobalSection
	GlobalSection(ProjectConfigurationPlatforms) = postSolution
		{31B26EA7-1FB9-40CB-B84E-6431542B96C5}.Debug|Any CPU.ActiveCfg = Debug|Any CPU
		{31B26EA7-1FB9-40CB-B84E-6431542B96C5}.Debug|Any CPU.Build.0 = Debug|Any CPU
		{31B26EA7-1FB9-40CB-B84E-6431542B96C5}.Release|Any CPU.ActiveCfg = Release|Any CPU
		{31B26EA7-1FB9-40CB-B84E-6431542B96C5}.Release|Any CPU.Build.0 = Release|Any CPU
		{9242815B-92A2-4228-8884-FF791965B171}.Debug|Any CPU.ActiveCfg = Debug|Any CPU
		{9242815B-92A2-4228-8884-FF791965B171}.Debug|Any CPU.Build.0 = Debug|Any CPU
		{9242815B-92A2-4228-8884-FF791965B171}.Release|Any CPU.ActiveCfg = Release|Any CPU
		{9242815B-92A2-4228-8884-FF791965B171}.Release|Any CPU.Build.0 = Release|Any CPU
	EndGlobalSection
	GlobalSection(SolutionProperties) = preSolution
		HideSolutionNode = FALSE
	EndGlobalSection
	GlobalSection(ExtensibilityGlobals) = postSolution
		SolutionGuid = {C8544CAF-E4EE-4FA2-87E4-A00FBB7CAB99}
	EndGlobalSection
EndGlobal
